Microsoft Visual Studio Solution File, Format Version 12.00
# Visual Studio Version 17
VisualStudioVersion = 17.0.31903.59
MinimumVisualStudioVersion = 10.0.40219.1
Project("{FAE04EC0-301F-11D3-BF4B-00C04F79EFBC}") = "IDRPG3D.GameServer.Entity", "APP\Entity\IDRPG3D.GameServer.Entity.csproj", "{6412B203-1A2E-4F92-A9D0-41D06DA4A001}"
EndProject
Project("{FAE04EC0-301F-11D3-BF4B-00C04F79EFBC}") = "IDRPG3D.GameServer.Hotfix", "APP\Hotfix\IDRPG3D.GameServer.Hotfix.csproj", "{6412B203-1A2E-4F92-A9D0-41D06DA4A002}"
EndProject
Project("{FAE04EC0-301F-11D3-BF4B-00C04F79EFBC}") = "IDRPG3D.GameServer.Main", "APP\Main\IDRPG3D.GameServer.Main.csproj", "{6412B203-1A2E-4F92-A9D0-41D06DA4A003}"
EndProject
Global
	GlobalSection(SolutionConfigurationPlatforms) = preSolution
		Debug|Any CPU = Debug|Any CPU
		Release|Any CPU = Release|Any CPU
	EndGlobalSection
	GlobalSection(ProjectConfigurationPlatforms) = postSolution
		{6412B203-1A2E-4F92-A9D0-41D06DA4A001}.Debug|Any CPU.ActiveCfg = Debug|Any CPU
		{6412B203-1A2E-4F92-A9D0-41D06DA4A001}.Debug|Any CPU.Build.0 = Debug|Any CPU
		{6412B203-1A2E-4F92-A9D0-41D06DA4A001}.Release|Any CPU.ActiveCfg = Release|Any CPU
		{6412B203-1A2E-4F92-A9D0-41D06DA4A001}.Release|Any CPU.Build.0 = Release|Any CPU
		{6412B203-1A2E-4F92-A9D0-41D06DA4A002}.Debug|Any CPU.ActiveCfg = Debug|Any CPU
		{6412B203-1A2E-4F92-A9D0-41D06DA4A002}.Debug|Any CPU.Build.0 = Debug|Any CPU
		{6412B203-1A2E-4F92-A9D0-41D06DA4A002}.Release|Any CPU.ActiveCfg = Release|Any CPU
		{6412B203-1A2E-4F92-A9D0-41D06DA4A002}.Release|Any CPU.Build.0 = Release|Any CPU
		{6412B203-1A2E-4F92-A9D0-41D06DA4A003}.Debug|Any CPU.ActiveCfg = Debug|Any CPU
		{6412B203-1A2E-4F92-A9D0-41D06DA4A003}.Debug|Any CPU.Build.0 = Debug|Any CPU
		{6412B203-1A2E-4F92-A9D0-41D06DA4A003}.Release|Any CPU.ActiveCfg = Release|Any CPU
		{6412B203-1A2E-4F92-A9D0-41D06DA4A003}.Release|Any CPU.Build.0 = Release|Any CPU
	EndGlobalSection
EndGlobal
